{
  "requires": true,
  "lockfileVersion": 1,
  "dependencies": {
    "@pixi/accessibility": {
      "version": "6.3.0",
      "resolved": "https://registry.npmjs.org/@pixi/accessibility/-/accessibility-6.3.0.tgz",
      "integrity": "sha512-G2IJovkixJ3MdXC456e7Nu9J2nLte01KwJPkWhhuuZkRQI6gBcLHn5flGG+QVx/dZDLySXyHiJ+1MAQ8kI9AbA=="
    },
    "@pixi/app": {
      "version": "6.3.0",
      "resolved": "https://registry.npmjs.org/@pixi/app/-/app-6.3.0.tgz",
      "integrity": "sha512-Ud+D/VkGFCx9Z+i0OXDzXqT3zNrUJ9f3sZuoACz1VVD6nnSq+wBZPnyoOOsgfiMYo/0KYVJh+EdBKZS8aYnnVQ=="
    },
    "@pixi/compressed-textures": {
      "version": "6.3.0",
      "resolved": "https://registry.npmjs.org/@pixi/compressed-textures/-/compressed-textures-6.3.0.tgz",
      "integrity": "sha512-Y/SHGQZftvSM98/m89a1Pf99c9L5TGEPngueOcmjCABeGI33vOaL2VM4chkHXhG9HLqrHYAty24vXqOj42LbJw=="
    },
    "@pixi/constants": {
      "version": "6.3.0",
      "resolved": "https://registry.npmjs.org/@pixi/constants/-/constants-6.3.0.tgz",
      "integrity": "sha512-295/bb0+5IugA9plqBnD6xrvApjgGRdaNJ6EryCa7UB2j8wt4YtuzLjNeaCtng9eJONgJXXPhPF85+spdWRMbg=="
    },
    "@pixi/core": {
      "version": "6.3.0",
      "resolved": "https://registry.npmjs.org/@pixi/core/-/core-6.3.0.tgz",
      "integrity": "sha512-j7UMizcgDoUB9eDrZIP22xJCPYpjx2/BCl8deE5M9Cim9OR2qPxnNnt3jC1oKf2vVnNMTDrMOLekhMVo89FX2Q==",
      "requires": {
        "@types/offscreencanvas": "^2019.6.4"
      }
    },
    "@pixi/display": {
      "version": "6.3.0",
      "resolved": "https://registry.npmjs.org/@pixi/display/-/display-6.3.0.tgz",
      "integrity": "sha512-Uxc1aLTFzV55d3kOlh/g19RlE2okPXsroi5jfYGCNS0VCdFk0sp6jMNEwk12BwC0KcA5SU7217H4jLy38VCVpA=="
    },
    "@pixi/extract": {
      "version": "6.3.0",
      "resolved": "https://registry.npmjs.org/@pixi/extract/-/extract-6.3.0.tgz",
      "integrity": "sha512-p5d3Jx0hoIQZsn1msIOyYCzyRjVkfiDUNkuzpLmNo9zng7C6bwqmIZWEMr5alm7+XwqKHlQdsBuK9PeUJt9fGQ=="
    },
    "@pixi/filter-alpha": {
      "version": "6.3.0",
      "resolved": "https://registry.npmjs.org/@pixi/filter-alpha/-/filter-alpha-6.3.0.tgz",
      "integrity": "sha512-FyO35T2ym7R/rxaQzz3+dfpMlNn7b4XCFebD7hAgYoLqb+/vaM32ZjjoKBxxFRFqpZxBO6BObCyJQd245h+P4A=="
    },
    "@pixi/filter-blur": {
      "version": "6.3.0",
      "resolved": "https://registry.npmjs.org/@pixi/filter-blur/-/filter-blur-6.3.0.tgz",
      "integrity": "sha512-TpQxBbFnkcAxMOInMZDprRPXlfhQ0tYOvbnmdDbVTEGOqDXY/7do0bYRfsNshAyeyGE4NVIks1S/RlGkzHLhBg=="
    },
    "@pixi/filter-color-matrix": {
      "version": "6.3.0",
      "resolved": "https://registry.npmjs.org/@pixi/filter-color-matrix/-/filter-color-matrix-6.3.0.tgz",
      "integrity": "sha512-9qKrRiaeINap7BgolI3GZ5RaRgYNx0pK8iyrn7vWcuQAxR/lPM+rfgWQPagjXdU9NbnbnfZj0LNOmgFqtWsZTQ=="
    },
    "@pixi/filter-displacement": {
      "version": "6.3.0",
      "resolved": "https://registry.npmjs.org/@pixi/filter-displacement/-/filter-displacement-6.3.0.tgz",
      "integrity": "sha512-zjOnM3fVh4HOxEHzG/iN00ZmxCuZdxy+xTnjUZkbOgmXtDqRa9HakCBHlg60ZpF/NiIAkJNdrXx6nDhh2hve8Q=="
    },
    "@pixi/filter-fxaa": {
      "version": "6.3.0",
      "resolved": "https://registry.npmjs.org/@pixi/filter-fxaa/-/filter-fxaa-6.3.0.tgz",
      "integrity": "sha512-dKhKNmQ8zgtvcT2s7nDU/0LETaCzydgosXAeEPO5XtkHA6asffjEAqiie9wpj3DzODOibNuC/wpiiwGmN6xGgw=="
    },
    "@pixi/filter-kawase-blur": {
      "version": "4.1.5",
      "resolved": "https://registry.npmjs.org/@pixi/filter-kawase-blur/-/filter-kawase-blur-4.1.5.tgz",
      "integrity": "sha512-YVzzfLoUMKYeEMuuj4TfpTJ1p14nBV/+JnWVL5dC63VuCQ1YMxzSmc6ahGNfbex0+nvhyKPWe87aO7jzX0waoA=="
    },
    "@pixi/filter-noise": {
      "version": "6.3.0",
      "resolved": "https://registry.npmjs.org/@pixi/filter-noise/-/filter-noise-6.3.0.tgz",
      "integrity": "sha512-+2qhb/wWkqI86xb2+NMxeoKUiA5Kx6Kvo1jCvSE4PdP5CGCFDLQqnj0NkIZCbl/3L0MiM9vy+JRmY+nVgre8Tw=="
    },
    "@pixi/graphics": {
      "version": "6.3.0",
      "resolved": "https://registry.npmjs.org/@pixi/graphics/-/graphics-6.3.0.tgz",
      "integrity": "sha512-cnce8ddZSRgVuwK3hdWjEgf9WJljEXlJp+tOIEYvmNYnkvfaRpdeVRpF5yd+A24ZswrVRU9W/W7cXCMw2uq/vQ=="
    },
    "@pixi/interaction": {
      "version": "6.3.0",
      "resolved": "https://registry.npmjs.org/@pixi/interaction/-/interaction-6.3.0.tgz",
      "integrity": "sha512-ZAgYJPnpQS07r69o6Mgn4SxurY+t05EWblC8bpVssQ/k2yU3xeWAKNV/Hk39AKrM5S+PBU9YyGX//jM+3gt8rQ=="
    },
    "@pixi/loaders": {
      "version": "6.3.0",
      "resolved": "https://registry.npmjs.org/@pixi/loaders/-/loaders-6.3.0.tgz",
      "integrity": "sha512-FXW3DkcAg2w0FABS6ixmzJNQSdabHXWumltelYM76NmBSE8oaLmg6tniBvjrTlSxUs3HlgwdeqgnUHV9GIFxLQ=="
    },
    "@pixi/math": {
      "version": "6.3.0",
      "resolved": "https://registry.npmjs.org/@pixi/math/-/math-6.3.0.tgz",
      "integrity": "sha512-QkF9wl3/kXvthwWhrDAVgWQWl3T9dbyicHsoWfx0s9b3E0rx+PZcpz5ftaAVxGd7EvecIxV9nEUnna9TIjvwJQ=="
    },
    "@pixi/mesh": {
      "version": "6.3.0",
      "resolved": "https://registry.npmjs.org/@pixi/mesh/-/mesh-6.3.0.tgz",
      "integrity": "sha512-ljm1lk8ZyxQaZHl53psPptD7eO8yVt7mbEwly+qSyh61Nj950fq5CBgr2cd7TakBSUfiUthYAYP8wmdwop328Q=="
    },
    "@pixi/mesh-extras": {
      "version": "6.3.0",
      "resolved": "https://registry.npmjs.org/@pixi/mesh-extras/-/mesh-extras-6.3.0.tgz",
      "integrity": "sha512-rGvpW/UDNPDSALocT2w3jvBpF9TUgyvZMGcxqolIxDbrmRiyUeT1EeYnCQpIqQUnkKW1QKxLpuSjut2yfERe7A=="
    },
    "@pixi/mixin-cache-as-bitmap": {
      "version": "6.3.0",
      "resolved": "https://registry.npmjs.org/@pixi/mixin-cache-as-bitmap/-/mixin-cache-as-bitmap-6.3.0.tgz",
      "integrity": "sha512-KIbclUCTv6J2ERIX8LM0PaGezKqfmDbR8X/68irbwsYU3fRtsFb9X4IHttguiItYK8C6syyepEyIRbWB/poc6Q=="
    },
    "@pixi/mixin-get-child-by-name": {
      "version": "6.3.0",
      "resolved": "https://registry.npmjs.org/@pixi/mixin-get-child-by-name/-/mixin-get-child-by-name-6.3.0.tgz",
      "integrity": "sha512-R1nh985Fffo0HG3gmbbsBgbR0obGdjkVb31V9gUFileydY8u1jVA4sL1uzOfBbHAjDE+HFOO1wC1p6ygalUrkQ=="
    },
    "@pixi/mixin-get-global-position": {
      "version": "6.3.0",
      "resolved": "https://registry.npmjs.org/@pixi/mixin-get-global-position/-/mixin-get-global-position-6.3.0.tgz",
      "integrity": "sha512-hDzLubpLSRH6hp+mn8mpONZeMcMc75ndkz6WROXI0gfoUkFdzxHStGBSk4VJRgtSj1zzOgmEqo7LP/y2blgYlw=="
    },
    "@pixi/particle-container": {
      "version": "6.3.0",
      "resolved": "https://registry.npmjs.org/@pixi/particle-container/-/particle-container-6.3.0.tgz",
      "integrity": "sha512-yjcMUHIPUL4T27ECBrxgn6j00CpomYLBvdxXWDDqMSnm2W6AA+cy7QM30dCm2mcbStzB4j+cbYvN1+nRIuIE8Q=="
    },
    "@pixi/polyfill": {
      "version": "6.3.0",
      "resolved": "https://registry.npmjs.org/@pixi/polyfill/-/polyfill-6.3.0.tgz",
      "integrity": "sha512-sjOLw0yndRipWOW3ykkCej5+VMZRBmnd32kUXXum9kgceSeL0w+iRPZrfvaFmgypqGnGpqwg24MsZ3vtIffd9g==",
      "requires": {
        "object-assign": "^4.1.1",
        "promise-polyfill": "^8.2.0"
      }
    },
    "@pixi/prepare": {
      "version": "6.3.0",
      "resolved": "https://registry.npmjs.org/@pixi/prepare/-/prepare-6.3.0.tgz",
      "integrity": "sha512-eqQpEIAhctZ85YEQWYMI/LmNyLn8K+lpfH783YQQ1WjFmBrFgJzvm1vs+ztIRl+6EIzVIC28RmcBU15Vkmylew=="
    },
    "@pixi/runner": {
      "version": "6.3.0",
      "resolved": "https://registry.npmjs.org/@pixi/runner/-/runner-6.3.0.tgz",
      "integrity": "sha512-dG0YK/59dMay1pBD3sXYWtyDQ1gjRY8QCI38b+wQiH9oFMNFtj/f/RxkL1XyaK0r7sC8TjXUiQ+7+lZlmcqIjw=="
    },
    "@pixi/settings": {
      "version": "6.3.0",
      "resolved": "https://registry.npmjs.org/@pixi/settings/-/settings-6.3.0.tgz",
      "integrity": "sha512-UkbZmlexr6NGM6Qz30Et63bpWAmpmkknOOnavrhWPnnbhFIx4kVzU9mvGMHGSGNLJabX9+gFUdjDGSlzF42v4w==",
      "requires": {
        "ismobilejs": "^1.1.0"
      }
    },
    "@pixi/sprite": {
      "version": "6.3.0",
      "resolved": "https://registry.npmjs.org/@pixi/sprite/-/sprite-6.3.0.tgz",
      "integrity": "sha512-dv0CSkxjWZeUujYQ6NorJ5Cue6SL+RE/H739JK4+cAwEtoWpYqKqiw6aeUu4aqSRsqjhyk9ilhR+K1MbnImJKA=="
    },
    "@pixi/sprite-animated": {
      "version": "6.3.0",
      "resolved": "https://registry.npmjs.org/@pixi/sprite-animated/-/sprite-animated-6.3.0.tgz",
      "integrity": "sha512-P4VroljvyiAc9acwbUVZTHKwM418x5AFOAEYAx9NkF9izh2HhinjLa+iRK70gPnEBOMPwqn1taVnz/n4/aYHWw=="
    },
    "@pixi/sprite-tiling": {
      "version": "6.3.0",
      "resolved": "https://registry.npmjs.org/@pixi/sprite-tiling/-/sprite-tiling-6.3.0.tgz",
      "integrity": "sha512-4+HodD9QwhiqIptBpT3rXuJDAJ5TSg2IRnHOo/+qSopA70VC1E+RRgyVvxfRfopfptcAHi60XWfzvFLHSV3LsA=="
    },
    "@pixi/spritesheet": {
      "version": "6.3.0",
      "resolved": "https://registry.npmjs.org/@pixi/spritesheet/-/spritesheet-6.3.0.tgz",
      "integrity": "sha512-TAIIVA2KFJk7lKB4Ggep99bxpkSjnYlODuLEZ9EoJ6QIEx9A1HesaKwwqzfneeCzX5BOBeJMgZ++rujE29rrpg=="
    },
    "@pixi/text": {
      "version": "6.3.0",
      "resolved": "https://registry.npmjs.org/@pixi/text/-/text-6.3.0.tgz",
      "integrity": "sha512-hDevLv8HztzdImA6sIvmpBpNoIyDCrMNJAdjTUo/Kw1aoKlDaOGx4K3J7wVTzV1d1WrreIXtOsO3rQUOzf/hmg=="
    },
    "@pixi/text-bitmap": {
      "version": "6.3.0",
      "resolved": "https://registry.npmjs.org/@pixi/text-bitmap/-/text-bitmap-6.3.0.tgz",
      "integrity": "sha512-ogoJ+k7MHUEUb8b+yBZOi9jLW/TvIEduf2FJ5S52sovjhjs1/uZw2sdR43tM9BGxP1W9H6GE5yOK5f2sEFZIKg=="
    },
    "@pixi/ticker": {
      "version": "6.3.0",
      "resolved": "https://registry.npmjs.org/@pixi/ticker/-/ticker-6.3.0.tgz",
      "integrity": "sha512-cEqyQgM5entsi+h85fUnESBzNc/yMRG/mqsfAr7/KraP7bmCcn3MYVuTycRMkRbuNPjC1NIpqkqiOaxzgAUGPw=="
    },
    "@pixi/utils": {
      "version": "6.3.0",
      "resolved": "https://registry.npmjs.org/@pixi/utils/-/utils-6.3.0.tgz",
      "integrity": "sha512-QI5wb/fDdH8DAzIMlrYS0MhG382FPMLh4s3yRtOaftiOb84LL7Syz//SC+CJAyVB0UV/Lpr+T6PiCa4eBjRDgA==",
      "requires": {
        "@types/earcut": "^2.1.0",
        "earcut": "^2.2.2",
        "eventemitter3": "^3.1.0",
        "url": "^0.11.0"
      }
    },
    "@types/earcut": {
      "version": "2.1.1",
      "resolved": "https://registry.npmjs.org/@types/earcut/-/earcut-2.1.1.tgz",
      "integrity": "sha512-w8oigUCDjElRHRRrMvn/spybSMyX8MTkKA5Dv+tS1IE/TgmNZPqUYtvYBXGY8cieSE66gm+szeK+bnbxC2xHTQ=="
    },
    "@types/offscreencanvas": {
      "version": "2019.6.4",
      "resolved": "https://registry.npmjs.org/@types/offscreencanvas/-/offscreencanvas-2019.6.4.tgz",
      "integrity": "sha512-u8SAgdZ8ROtkTF+mfZGOscl0or6BSj9A4g37e6nvxDc+YB/oDut0wHkK2PBBiC2bNR8TS0CPV+1gAk4fNisr1Q=="
    },
    "debounce": {
      "version": "1.2.1",
      "resolved": "https://registry.npmjs.org/debounce/-/debounce-1.2.1.tgz",
      "integrity": "sha512-XRRe6Glud4rd/ZGQfiV1ruXSfbvfJedlV9Y6zOlP+2K04vBYiJEte6stfFkCP03aMnY5tsipamumUjL14fofug=="
    },
    "earcut": {
      "version": "2.2.3",
      "resolved": "https://registry.npmjs.org/earcut/-/earcut-2.2.3.tgz",
      "integrity": "sha512-iRDI1QeCQIhMCZk48DRDMVgQSSBDmbzzNhnxIo+pwx3swkfjMh6vh0nWLq1NdvGHLKH6wIrAM3vQWeTj6qeoug=="
    },
    "eventemitter3": {
      "version": "3.1.2",
      "resolved": "https://registry.npmjs.org/eventemitter3/-/eventemitter3-3.1.2.tgz",
      "integrity": "sha512-tvtQIeLVHjDkJYnzf2dgVMxfuSGJeM/7UCG17TT4EumTfNtF+0nebF/4zWOIkCreAbtNqhGEboB6BWrwqNaw4Q=="
    },
    "hsl-to-hex": {
      "version": "1.0.0",
      "resolved": "https://registry.npmjs.org/hsl-to-hex/-/hsl-to-hex-1.0.0.tgz",
      "integrity": "sha1-xYyCbcbS8eCl/x2lp+y/A/qsE1I=",
      "requires": {
        "hsl-to-rgb-for-reals": "^1.1.0"
      }
    },
    "hsl-to-rgb-for-reals": {
      "version": "1.1.1",
      "resolved": "https://registry.npmjs.org/hsl-to-rgb-for-reals/-/hsl-to-rgb-for-reals-1.1.1.tgz",
      "integrity": "sha512-LgOWAkrN0rFaQpfdWBQlv/VhkOxb5AsBjk6NQVx4yEzWS923T07X0M1Y0VNko2H52HeSpZrZNNMJ0aFqsdVzQg=="
    },
    "ismobilejs": {
      "version": "1.1.1",
      "resolved": "https://registry.npmjs.org/ismobilejs/-/ismobilejs-1.1.1.tgz",
      "integrity": "sha512-VaFW53yt8QO61k2WJui0dHf4SlL8lxBofUuUmwBo0ljPk0Drz2TiuDW4jo3wDcv41qy/SxrJ+VAzJ/qYqsmzRw=="
    },
    "object-assign": {
      "version": "4.1.1",
      "resolved": "https://registry.npmjs.org/object-assign/-/object-assign-4.1.1.tgz",
      "integrity": "sha1-IQmtx5ZYh8/AXLvUQsrIv7s2CGM="
    },
    "pixi.js": {
      "version": "6.3.0",
      "resolved": "https://registry.npmjs.org/pixi.js/-/pixi.js-6.3.0.tgz",
      "integrity": "sha512-ayOmVagMSa5lPVvznDf2e4EppwzPEDnB/q3AYdjTM9Ksw+JKT3lbLuZFo/6U0HNYF9DsJRJL/4ebReZh1hnqLQ==",
      "requires": {
        "@pixi/accessibility": "6.3.0",
        "@pixi/app": "6.3.0",
        "@pixi/compressed-textures": "6.3.0",
        "@pixi/constants": "6.3.0",
        "@pixi/core": "6.3.0",
        "@pixi/display": "6.3.0",
        "@pixi/extract": "6.3.0",
        "@pixi/filter-alpha": "6.3.0",
        "@pixi/filter-blur": "6.3.0",
        "@pixi/filter-color-matrix": "6.3.0",
        "@pixi/filter-displacement": "6.3.0",
        "@pixi/filter-fxaa": "6.3.0",
        "@pixi/filter-noise": "6.3.0",
        "@pixi/graphics": "6.3.0",
        "@pixi/interaction": "6.3.0",
        "@pixi/loaders": "6.3.0",
        "@pixi/math": "6.3.0",
        "@pixi/mesh": "6.3.0",
        "@pixi/mesh-extras": "6.3.0",
        "@pixi/mixin-cache-as-bitmap": "6.3.0",
        "@pixi/mixin-get-child-by-name": "6.3.0",
        "@pixi/mixin-get-global-position": "6.3.0",
        "@pixi/particle-container": "6.3.0",
        "@pixi/polyfill": "6.3.0",
        "@pixi/prepare": "6.3.0",
        "@pixi/runner": "6.3.0",
        "@pixi/settings": "6.3.0",
        "@pixi/sprite": "6.3.0",
        "@pixi/sprite-animated": "6.3.0",
        "@pixi/sprite-tiling": "6.3.0",
        "@pixi/spritesheet": "6.3.0",
        "@pixi/text": "6.3.0",
        "@pixi/text-bitmap": "6.3.0",
        "@pixi/ticker": "6.3.0",
        "@pixi/utils": "6.3.0"
      }
    },
    "promise-polyfill": {
      "version": "8.2.3",
      "resolved": "https://registry.npmjs.org/promise-polyfill/-/promise-polyfill-8.2.3.tgz",
      "integrity": "sha512-Og0+jCRQetV84U8wVjMNccfGCnMQ9mGs9Hv78QFe+pSDD3gWTpz0y+1QCuxy5d/vBFuZ3iwP2eycAkvqIMPmWg=="
    },
    "punycode": {
      "version": "1.3.2",
      "resolved": "https://registry.npmjs.org/punycode/-/punycode-1.3.2.tgz",
      "integrity": "sha1-llOgNvt8HuQjQvIyXM7v6jkmxI0="
    },
    "querystring": {
      "version": "0.2.0",
      "resolved": "https://registry.npmjs.org/querystring/-/querystring-0.2.0.tgz",
      "integrity": "sha1-sgmEkgO7Jd+CDadW50cAWHhSFiA="
    },
    "simplex-noise": {
      "version": "3.0.1",
      "resolved": "https://registry.npmjs.org/simplex-noise/-/simplex-noise-3.0.1.tgz",
      "integrity": "sha512-eww0SFiWLyOaUKQMJ7gbdvQJvULeJdM/Y4BiC3rrOQnYHo+MSPh465/qeXSZkpTdB9/HthumpnYD3DobZweBBQ=="
    },
    "url": {
      "version": "0.11.0",
      "resolved": "https://registry.npmjs.org/url/-/url-0.11.0.tgz",
      "integrity": "sha1-ODjpfPxgUh63PFJajlW/3Z4uKPE=",
      "requires": {
        "punycode": "1.3.2",
        "querystring": "0.2.0"
      }
    }
  }
}
